# guard.lock — sha256 baseline of protected source-of-truth files.
# Regenerate ONLY after an approved change: `guard record`.
aeae64c6d7e1f34c0adc07513c61ca0be892578135542df42176fc00ee3b278a  3-TRANSFORMATIONS/Day-Packages/bo/Chapter-1 D1-D14/1.md
7b1f32462c031c4ce119e6d9982ca463cf38ebf97a730bb466cc0a16988f9e5d  3-TRANSFORMATIONS/Day-Packages/bo/Chapter-1 D1-D14/10.md
babc084d0fc04db7ded6312ad23b5d2e6f055344b37f227509514f0ea98e9f36  3-TRANSFORMATIONS/Day-Packages/bo/Chapter-1 D1-D14/11.md
550f1b6f061c65bdc206d41cb0f7da492db2b59548e5f6fa66849d72a6ec2eef  3-TRANSFORMATIONS/Day-Packages/bo/Chapter-1 D1-D14/12.md
65866c6fb43509abcefd3fbd9df5c46aa92758f218fc786074ff1b8c1da5626e  3-TRANSFORMATIONS/Day-Packages/bo/Chapter-1 D1-D14/13.md
fae2951bb6b6331f07013c8778cf52a6665fa91284e90d2e730204c04ac8fdcb  3-TRANSFORMATIONS/Day-Packages/bo/Chapter-1 D1-D14/14.md
5ce738c886c8e5281cc84327ae02341468fcc930d5a28e22df426ef0dc6384ee  3-TRANSFORMATIONS/Day-Packages/bo/Chapter-1 D1-D14/2.md
bed2a634bb8b0da4e8950aa45f95b7dc851c86c04bf301033b67635db6b3550f  3-TRANSFORMATIONS/Day-Packages/bo/Chapter-1 D1-D14/3.md
531e41e6d3068e7af7004e6e14eba5a3bce80899e61b3f4e8015277709e84932  3-TRANSFORMATIONS/Day-Packages/bo/Chapter-1 D1-D14/4.md
6682cc9b84c01d9251fe77b014d2e6a3f2ecba9bc77fb29e96a0cb46cf6fe7a7  3-TRANSFORMATIONS/Day-Packages/bo/Chapter-1 D1-D14/5.md
6e3f6a4791051ee09f766aac1ede7cbea842a879d5ea2238a1c4ac6ade61ad47  3-TRANSFORMATIONS/Day-Packages/bo/Chapter-1 D1-D14/6.md
9c9a8dd27154ab88752042a07d1f3762345c03a0e7c03cbfd9060c0dbfcf4109  3-TRANSFORMATIONS/Day-Packages/bo/Chapter-1 D1-D14/7.md
84b0a341b1ca2413a9158d1426501bdb25c1d768f34522a8500dfa5e1101f52d  3-TRANSFORMATIONS/Day-Packages/bo/Chapter-1 D1-D14/8.md
5e906dc1bece6d20764f5a76151a76673599ed4ff1f66dcdbadcc991e26a055e  3-TRANSFORMATIONS/Day-Packages/bo/Chapter-1 D1-D14/9.md
1164e6bec95aeddaeab4a481626408c324397fd113ee7b463b6bccb6a3317ea9  3-TRANSFORMATIONS/Day-Packages/bo/Chapter-2 D15-D40/15.md
e4f6773eeb5137dfae52ff2e9846a92b4aa93905161541ee49fd8de598eabedc  3-TRANSFORMATIONS/Day-Packages/bo/Chapter-2 D15-D40/16.md
761c53ace40b13daabb14a9c5009e29ae25b17a03fa5e497a46d0d30b7c222c1  3-TRANSFORMATIONS/Day-Packages/bo/Chapter-2 D15-D40/17.md
a740f1910b621009a2514e5cc1284244e3dc72fecfad55dec408b33f58065ab8  3-TRANSFORMATIONS/Day-Packages/bo/Chapter-2 D15-D40/18.md
96445e8e7417fc8c22fed067d10add7cb27342186ef6e4e2fa35de25ee1640e4  3-TRANSFORMATIONS/Day-Packages/bo/Chapter-2 D15-D40/19.md
79668cbc61fbfe8f7caa2cdaa1965008dbf712a6ec433e85da50c7f02346be28  3-TRANSFORMATIONS/Day-Packages/bo/Chapter-2 D15-D40/20.md
a074c0714dc6a33491c360d2198b3a880cc322e9643c18386c19e9a2ff7365b7  3-TRANSFORMATIONS/Day-Packages/bo/Chapter-2 D15-D40/21.md
5ce844c771e91cc274fd36ae75ee5005561b0c148142f4f0a4e76dff9e617810  3-TRANSFORMATIONS/Day-Packages/bo/Chapter-2 D15-D40/22.md
8259010e029659e869ee9849232a618be7dbbbc496e24e034e1d14ee927d2eab  3-TRANSFORMATIONS/Day-Packages/bo/Chapter-2 D15-D40/23.md
2c1f8dcf85dae7bd0a832940c52217ae8ab973405d237d3842a21fad8d73181e  3-TRANSFORMATIONS/Day-Packages/bo/Chapter-2 D15-D40/24.md
1d6203666e78f8631c5eeb908290db31695af07186273db37dc888db518eae38  3-TRANSFORMATIONS/Day-Packages/bo/Chapter-2 D15-D40/25.md
fe549d69ae4ce2e80c6782f060d5e665a46bf707be211084bf146ccb225cd8c2  3-TRANSFORMATIONS/Day-Packages/bo/Chapter-2 D15-D40/26.md
f5fac7479b60281d5d369b367508acf90aa7dba505b6243e0634d1968fff0e4e  3-TRANSFORMATIONS/Day-Packages/bo/Chapter-2 D15-D40/27.md
c078271a5983d12e2c5cac878223531ae41c81c004cf319e7001b65622d09d65  3-TRANSFORMATIONS/Day-Packages/bo/Chapter-2 D15-D40/28.md
5f442257f635b3d7400e28b354533ba679e0776dfe21d77fdf336416c0c620be  3-TRANSFORMATIONS/Day-Packages/bo/Chapter-2 D15-D40/29.md
5ff2e1dd24555ab1ee4e23073995e077776d77a7c5a95f403a9e6a61f0727a51  3-TRANSFORMATIONS/Day-Packages/bo/Chapter-2 D15-D40/30.md
b1607d98489665e329ad82318ecd8416428509cd71cb964c7478aeb060381989  3-TRANSFORMATIONS/Day-Packages/bo/Chapter-2 D15-D40/31.md
9518f94b286b75935145ffcfb5b6520bc0a264d7a56a5cb5a125200b0ca1011c  3-TRANSFORMATIONS/Day-Packages/bo/Chapter-2 D15-D40/32.md
fdbe6068d765683c82d839d35c6d856cb748e46cb6a06e8f87d12c1472e9948a  3-TRANSFORMATIONS/Day-Packages/bo/Chapter-2 D15-D40/33.md
dbcdc82a4fd4c1d58a050a93e7c59b8d185510327197bcafb708f9e12e3c6c98  3-TRANSFORMATIONS/Day-Packages/bo/Chapter-2 D15-D40/34.md
9c4d602f101a9a6ec19eacc7d827e223555c23bd3218cf5581aab1a82604bd61  3-TRANSFORMATIONS/Day-Packages/bo/Chapter-2 D15-D40/35.md
35bf7e92ff9029cfd6034a17c1131b0b8fbc9d6047c0d976bd6ecec5bb9035ed  3-TRANSFORMATIONS/Day-Packages/bo/Chapter-2 D15-D40/36.md
ccaff72081dcc12928a41545458a31c315bfd3ba18c8f90ca59c1856cc71fca3  3-TRANSFORMATIONS/Day-Packages/bo/Chapter-2 D15-D40/37.md
dcc9462f9590def68acc3d55926e7d3da5e2adc8287575f52790633988794dd5  3-TRANSFORMATIONS/Day-Packages/bo/Chapter-2 D15-D40/38.md
58165be3078dd893290497ded555894626a19cd79e24c7b2fad7a94c8d14fa3e  3-TRANSFORMATIONS/Day-Packages/bo/Chapter-2 D15-D40/39.md
e10382183a4b1119772eb8540dd3e9415e5559a1d2a539a10d3fa93572dced56  3-TRANSFORMATIONS/Day-Packages/bo/Chapter-2 D15-D40/40.md
735ed6101e73b256adf3277098e483801944987232d9ae4afc3256223676b855  3-TRANSFORMATIONS/Day-Packages/bo/Chapter-3 D41-D54/41.md
1fc60fb19da9ae5994d3b2c2953961cd8df9b05af240927adbd235063912fd3b  3-TRANSFORMATIONS/Day-Packages/bo/Chapter-3 D41-D54/42.md
b3f270900242970b935d68fe26df7b2d4e58175628e1cc88412486b5a7e8039a  3-TRANSFORMATIONS/Day-Packages/bo/Chapter-3 D41-D54/43.md
f1fe5c366e21d01307960dbfb65f7c2f842826e7579f21dce7fb8695e6bdf0e1  3-TRANSFORMATIONS/Day-Packages/bo/_TEMPLATE.md
8d84736622f17c868cbc639294042ddbea86ddf8fb1960c0196c4b13c5788ab8  3-TRANSFORMATIONS/Day-Packages/bo/_TERMBASE.md
af8912001973fa02343c18291bd2e66056522ba4166671f3b03d9c32b991e23e  3-TRANSFORMATIONS/Day-Packages/en/Chapter-1 D1-D14/1-en.md
fbc6668c013d9fe2090f6ddcd21f1f432cb5bdb78fe91accfcd96d7602c3d985  3-TRANSFORMATIONS/Day-Packages/en/Chapter-1 D1-D14/10-en.md
0ea5b42c08ca135ece7b52360f2aaa2de932afe4377a4a7d97c4d57718c4095a  3-TRANSFORMATIONS/Day-Packages/en/Chapter-1 D1-D14/11-en.md
d892a4d5396fdd185a26238c3dbd9ddc0683c06053e75664e50e080197bc0928  3-TRANSFORMATIONS/Day-Packages/en/Chapter-1 D1-D14/12-en.md
35432e36528752dd98ac7f9909e40a1523f9dc7b755073cda2ce238f71dd6c61  3-TRANSFORMATIONS/Day-Packages/en/Chapter-1 D1-D14/13-en.md
186043b3cb7e959a4098d6de743faf334ca91b22a124e9c8eb084e735a9722ad  3-TRANSFORMATIONS/Day-Packages/en/Chapter-1 D1-D14/14-en.md
632a008f7499f1a18c3d23a3c3a55491ccc251794535c4e1c75ebfa581bd13e3  3-TRANSFORMATIONS/Day-Packages/en/Chapter-1 D1-D14/2-en.md
4c6b377a2739545df3d30b7cda6acbac9d124593f9954aebce5be3c525104e19  3-TRANSFORMATIONS/Day-Packages/en/Chapter-1 D1-D14/3-en.md
f88192de5e0801e96669246f5a8f16547f471fb10c6f0f413a875621470cf05e  3-TRANSFORMATIONS/Day-Packages/en/Chapter-1 D1-D14/4-en.md
53324d485f675c80fb504cc2af101aa48fcb78613b9b149c9ee327e0342c402b  3-TRANSFORMATIONS/Day-Packages/en/Chapter-1 D1-D14/5-en.md
2873418c9a4d49feddb931cdd411d8c4d0aca62b7b334eafd735f9a79bdfb785  3-TRANSFORMATIONS/Day-Packages/en/Chapter-1 D1-D14/6-en.md
c429887a2f31bf9cc49ba5efc363149765519b19c49b9a0f9f4a07195ef81eb3  3-TRANSFORMATIONS/Day-Packages/en/Chapter-1 D1-D14/7-en.md
e0809551c49968d030573d482570891d8b38df1cbd2503d1da0ccb2df7e5c632  3-TRANSFORMATIONS/Day-Packages/en/Chapter-1 D1-D14/8-en.md
0c44fe99e56a5ca11619c1f5c5fb17715766802fad503b259af56a84f3d338da  3-TRANSFORMATIONS/Day-Packages/en/Chapter-1 D1-D14/9-en.md
aebbb3a37f9a802a72527c7f1f4f77bd3abb58a694cbf64bcda3ba8774870cbc  3-TRANSFORMATIONS/Day-Packages/en/Chapter-2 D15-D40/15-en.md
a5165a7f7adbd0a47c38e504dd918e79c30194dec9356c32e592c20ab71130d8  3-TRANSFORMATIONS/Day-Packages/en/Chapter-2 D15-D40/16-en.md
226944241e8ae9d80aef7cf14db23cf1b8fdb3f065be50fc34fad09a30547c84  3-TRANSFORMATIONS/Day-Packages/en/Chapter-2 D15-D40/17-en.md
888951a7326d4d07d5e09868894bc246f5668be66fb268bf8c76fa06d7a1e17e  3-TRANSFORMATIONS/Day-Packages/en/Chapter-2 D15-D40/18-en.md
b021fe3d104e5b799267290403f7a6c49638ee7f217b2a5522987e0c44f2784f  3-TRANSFORMATIONS/Day-Packages/en/Chapter-2 D15-D40/19-en.md
fcb123b688c6682798accfb2139f6aabe9922ae0dd01a64164de02f65d0b5787  3-TRANSFORMATIONS/Day-Packages/en/Chapter-2 D15-D40/20-en.md
a2e8379a6924b260af3db0ad87fb4efa5c59e360111c54bf030b84b34946ba2f  3-TRANSFORMATIONS/Day-Packages/en/Chapter-2 D15-D40/21-en.md
658fd16c0b9fd0623860ca83642de7f3480e1217b603926302c19add7ca20e28  3-TRANSFORMATIONS/Day-Packages/en/Chapter-2 D15-D40/22-en.md
5e39793550e1fea6745a0fbf57a10e21da2bf4fe7ace07f0657439f317fa1023  3-TRANSFORMATIONS/Day-Packages/en/Chapter-2 D15-D40/23-en.md
71a0591a25f1a81d1cf16ea95c67390edfe65ab1b06c1fb6e85ac20985d2734e  3-TRANSFORMATIONS/Day-Packages/en/Chapter-2 D15-D40/24-en.md
933577e7ea43a82eac2f7ded4e514f208a6b75e5b8c313ded6d56f695379667a  3-TRANSFORMATIONS/Day-Packages/en/Chapter-2 D15-D40/25-en.md
4d920dc961f83cdb8c27132e9877734fcfe48e16c6eafb8512e5c73bd3bc7267  3-TRANSFORMATIONS/Day-Packages/en/Chapter-2 D15-D40/26-en.md
177974c0a5271d6f09e641272b16f83368a4350b7f8cbd1fa747d7217403c135  3-TRANSFORMATIONS/Day-Packages/en/Chapter-2 D15-D40/27-en.md
10166c0821d262067ecb7cb70ccb604c0ed3a85b429395217c4598d93040c888  3-TRANSFORMATIONS/Day-Packages/en/Chapter-2 D15-D40/28-en.md
ff1ef0a08632a45046cf3cab8defc52cf315c376f795db899504882204c485d7  3-TRANSFORMATIONS/Day-Packages/en/Chapter-2 D15-D40/29-en.md
c27f22f16cc124bb58ff4e317471c1b4e517d2718ef8452840f03abf188e3134  3-TRANSFORMATIONS/Day-Packages/en/Chapter-2 D15-D40/30-en.md
8b5f18553283ab3911379b0a1df76fad736b1e674ae929bf004c433afdfad1e8  3-TRANSFORMATIONS/Day-Packages/en/Chapter-2 D15-D40/31-en.md
b06372188564b1aba7014c1f7e1bc4ae22d66709b178797d2c01a3df9e30de95  3-TRANSFORMATIONS/Day-Packages/en/Chapter-2 D15-D40/32-en.md
3b74e202fdcb1a1e520c798277be6dc5e0fa293b6b6a0059dfae601f7e94e1b0  3-TRANSFORMATIONS/Day-Packages/en/Chapter-2 D15-D40/33-en.md
b8fb53d8bd8b04da1b21ba8f914410c995763e5129cffa90860009ff779b3470  3-TRANSFORMATIONS/Day-Packages/en/Chapter-2 D15-D40/34-en.md
765de22f9043d2ce2c881a4249fd49e80fa6f14354089a2282ed812a21561ecb  3-TRANSFORMATIONS/Day-Packages/en/Chapter-2 D15-D40/35-en.md
96ce280cbf747ae3e0043c3d5a319e72927822fd6dd3c314ee3e5ed24e2d6ae0  3-TRANSFORMATIONS/Day-Packages/en/Chapter-2 D15-D40/36-en.md
3b8fc9ae385bfe7dd4d1e6e6be581123cf205b31ee3ee22f032e69b21954d0d1  3-TRANSFORMATIONS/Day-Packages/en/Chapter-2 D15-D40/37-en.md
cc4af459930b46ca257f9dd083d57aa20ed7ee7b8588a4cb2fa3a331dee4e9ec  3-TRANSFORMATIONS/Day-Packages/en/Chapter-2 D15-D40/38-en.md
09cc8673e30fbe2e904b9ce224b03caca2046797e8a2ac7b21ab0fc6dc23a15c  3-TRANSFORMATIONS/Day-Packages/en/Chapter-2 D15-D40/39-en.md
30dc3a3b96194b53230db40ed093f29db331794cc4d059ae2a61451eb0f85724  3-TRANSFORMATIONS/Day-Packages/en/Chapter-2 D15-D40/40-en.md
e3b0c44298fc1c149afbf4c8996fb92427ae41e4649b934ca495991b7852b855  3-TRANSFORMATIONS/Day-Packages/en/Chapter-2 D15-D40/Untitled.md
0c15f743baab5a4bb6d140f39be83da04df5bca1d34c46b14f224ad1cd1d77c2  3-TRANSFORMATIONS/Day-Packages/en/Chapter-3 D41-D54/41-en.md
223af9931d831b7aad61d4e759aacf71fc2a10fd3cb31305e3bc27a320f0a520  3-TRANSFORMATIONS/Day-Packages/en/Chapter-3 D41-D54/42-en.md
50f66e4532a760d40950adf006c4e7d736491d4a86a11f4b72300e4bc27a64f9  3-TRANSFORMATIONS/Day-Packages/en/Chapter-3 D41-D54/43-en.md
1bbb20fbbbe7a7ed3f80d14b3ea063697be211748b277bf9a2f41c890dad0e27  4-SYSTEM/scripts/day-package/day_package_tools.py
7055dd99f744b11db11799121c1254c826308c384268f51f040cf02757abdb21  4-SYSTEM/scripts/day-package/reorder_commentators.py
