# guard.lock — sha256 baseline of protected source-of-truth files.
# Regenerate ONLY after an approved change: `guard record`.
162f51b5c758dcab0b8e8a9c4708cf1fa827b0f4f8668a7f86b994034c197868  3-TRANSFORMATIONS/Day-Packages/bo/Chapter-1 D1-D14/1.md
0be73536463f2d947f1882feb3e30a84eaaf8230b42d70dace9bd33841557d1a  3-TRANSFORMATIONS/Day-Packages/bo/Chapter-1 D1-D14/10.md
7f42d05228d9090d6b674b9daf6a5db7148b05baf2195ed28de22f0e6fae7487  3-TRANSFORMATIONS/Day-Packages/bo/Chapter-1 D1-D14/11.md
d39c4a311e447765cc3ce16e96538d5724f7db3253306a2ac977b90e6e3adf48  3-TRANSFORMATIONS/Day-Packages/bo/Chapter-1 D1-D14/12.md
86bc96fce4fa37ee9863a43393aded9a7ad36fcc726eb6c9c2e3f76fc0629837  3-TRANSFORMATIONS/Day-Packages/bo/Chapter-1 D1-D14/13.md
9856068df0aff9ac2393694522aba162d66790f4a4528290f46155b274ebdadd  3-TRANSFORMATIONS/Day-Packages/bo/Chapter-1 D1-D14/14.md
260550a0c29eacca9d7968493ffd6071e9c2edb6bf0c40d4beb6c2132eccc988  3-TRANSFORMATIONS/Day-Packages/bo/Chapter-1 D1-D14/2.md
5c511fbfb238f661b12f0526464707aaa0ff60115c99f517ab43ce8fb30d503e  3-TRANSFORMATIONS/Day-Packages/bo/Chapter-1 D1-D14/3.md
47dfbe8e054b50ffb678457a96509e91ab86034fc8ac3e888443a0463b71b382  3-TRANSFORMATIONS/Day-Packages/bo/Chapter-1 D1-D14/4.md
b75fda06623fd6afa7c04c0d7d50460608aa9cb1b5421a3875faddaebba24926  3-TRANSFORMATIONS/Day-Packages/bo/Chapter-1 D1-D14/5.md
022a7c01c7f9e653de112ba155dc1f39cc75c3ce7d9626e4477e10935dda3bce  3-TRANSFORMATIONS/Day-Packages/bo/Chapter-1 D1-D14/6.md
8bad1539b023a5cfcd3c0ead1ccdf828b0730763171092e1eed6c0c46cfc388e  3-TRANSFORMATIONS/Day-Packages/bo/Chapter-1 D1-D14/7.md
e77b32fc36bc908362c01d4370f341bc8e452be9f3f096254c057aba9312268b  3-TRANSFORMATIONS/Day-Packages/bo/Chapter-1 D1-D14/8.md
460c9e8c1fcf9afcde28109b9759d16655105d570f78970b0b07ccfb1bd64495  3-TRANSFORMATIONS/Day-Packages/bo/Chapter-1 D1-D14/9.md
20957fd11c42ce1462fe800b59633511b90489fd9afdcf5cd1a5f9614e042f4e  3-TRANSFORMATIONS/Day-Packages/bo/Chapter-2 D15-D40/15.md
7aefe8fa660f95784324503615f4dad7977ef280ce3ef3158bfa2bebe81527a5  3-TRANSFORMATIONS/Day-Packages/bo/Chapter-2 D15-D40/16.md
7a5e1be289d74ca31d407d973b3cd244d62c242d84c2c36a805e3b54ab50c34e  3-TRANSFORMATIONS/Day-Packages/bo/Chapter-2 D15-D40/17.md
2c55df131d72c4a61b2c9f34eeef01fe11308a88b12aed6d1177772f7383fa6c  3-TRANSFORMATIONS/Day-Packages/bo/Chapter-2 D15-D40/18.md
520f388fd02059f3e7da9616ec492fbca20efba23c7110f4ad56341d5eacbadb  3-TRANSFORMATIONS/Day-Packages/bo/Chapter-2 D15-D40/19.md
f06ca10dd35c803730f54997ee176c78bc00ec541d2ca28131fd251a30f95dd9  3-TRANSFORMATIONS/Day-Packages/bo/Chapter-2 D15-D40/20.md
d81bdb36435b8018d7574e1e91ec92c67f5d34260e669fb3730a65d248affc06  3-TRANSFORMATIONS/Day-Packages/bo/Chapter-2 D15-D40/21.md
4d61d563c826ed8412c3f8b4104f44e0d014fe65a40e306fd885708d84957376  3-TRANSFORMATIONS/Day-Packages/bo/Chapter-2 D15-D40/22.md
8b176c6c4271e3cec917126b68d79693bbc16d52dccb9e0a1cc4c7fc138d3621  3-TRANSFORMATIONS/Day-Packages/bo/Chapter-2 D15-D40/23.md
12f674b601a8a22f60fc8aa4868273f67ca24573fef2cb8182bcb7c0f4460ee0  3-TRANSFORMATIONS/Day-Packages/bo/Chapter-2 D15-D40/24.md
95cc636225c3311343b08bbc99a739c82422d530c2c9f15eeb55fbd22f8a1b8e  3-TRANSFORMATIONS/Day-Packages/bo/Chapter-2 D15-D40/25.md
de0d5ff598da3719d8fd4fb0c0faad2292c89209566eb163f4b82adae7da2b97  3-TRANSFORMATIONS/Day-Packages/bo/Chapter-2 D15-D40/26.md
45015ecd069aadcb725be8252d5abc9f1e1a657d12a4a874c05ddb871c5b8034  3-TRANSFORMATIONS/Day-Packages/bo/Chapter-2 D15-D40/27.md
6c572ac1597bd18216f1ecb383516ad7e1f66df93773ebbfc8eb3a0c4132d2b3  3-TRANSFORMATIONS/Day-Packages/bo/Chapter-2 D15-D40/28.md
de128bedeaab3d710856a1d8a61f74d13d79dd2b04e8a5b1c7a25cca06e60114  3-TRANSFORMATIONS/Day-Packages/bo/Chapter-2 D15-D40/29.md
32c33cf8da1bf558c196d7784f30c90eb1997e021f9ee05b261d57e856cbabcb  3-TRANSFORMATIONS/Day-Packages/bo/Chapter-2 D15-D40/30.md
c3c0d7ba5b9cb79a3275d258ad11e4d51b7ef449991ffcdc6bc24cd6bba3e1df  3-TRANSFORMATIONS/Day-Packages/bo/Chapter-2 D15-D40/31.md
b57bf6d520cd6af0bc1277f8c5b119172dc2cc83626a11a69c81438ac8077f66  3-TRANSFORMATIONS/Day-Packages/bo/Chapter-2 D15-D40/32.md
1e2b55b2fe71fcd3569ddea00a9ee76ba889e5cc2abab4e688ff7e6a499de965  3-TRANSFORMATIONS/Day-Packages/bo/Chapter-2 D15-D40/33.md
d6dc57371e074495d623f4d44412811d2a54de3781847bcc935f0bddf55b9b8d  3-TRANSFORMATIONS/Day-Packages/bo/Chapter-2 D15-D40/34.md
1a7e497ebea87f45d81c3eeb807d7d9983acf707bff96f8c678d848e4129484f  3-TRANSFORMATIONS/Day-Packages/bo/Chapter-2 D15-D40/35.md
491f8e9e8c0f57a900677b5dc7d1dd271d6c1dc4b2980ecb3677577f10851a3f  3-TRANSFORMATIONS/Day-Packages/bo/Chapter-2 D15-D40/36.md
81e6e6091711b98a6a6846da5290cad45f2ea5a68c69dd3d5d71c96f37c5b2ad  3-TRANSFORMATIONS/Day-Packages/bo/Chapter-2 D15-D40/37.md
3194f05af2830f7fa2a1ee41d739b9dc6e3a500e69db821128b917a54658b34a  3-TRANSFORMATIONS/Day-Packages/bo/Chapter-2 D15-D40/38.md
19acfe3e49eb10bfef0bcc3a56e18d986247168b0ca5b288cd6ee0531341d926  3-TRANSFORMATIONS/Day-Packages/bo/Chapter-2 D15-D40/39.md
ec3c03605965775b723d26d7530f01463957d66db3a8d576d7be5df041c6f374  3-TRANSFORMATIONS/Day-Packages/bo/Chapter-2 D15-D40/40.md
0f5e40895a5d4c17477c78ebabc993ef4664cc431d7b89ef1e477a0e066d7e08  3-TRANSFORMATIONS/Day-Packages/bo/Chapter-3 D41-D54/41.md
8125057cd82fca6bf9773989046f21df04188ec92f889c9d4d6d388b3923f957  3-TRANSFORMATIONS/Day-Packages/bo/Chapter-3 D41-D54/42.md
898dbc431757a932350896e99e3f07748965f4ae2aa6aec0d1294327cdf94334  3-TRANSFORMATIONS/Day-Packages/bo/Chapter-3 D41-D54/43.md
e4cd107e9c40775b735954e464b26b5fcacd612f7f0ce9dc7cc7cd7672220a17  3-TRANSFORMATIONS/Day-Packages/bo/Chapter-3 D41-D54/44.md
7898018ee4e613a9f5e1a18a0e4f8d7ec848fe5cd6118c90ef0599a6932f8553  3-TRANSFORMATIONS/Day-Packages/bo/Chapter-3 D41-D54/45.md
418eae1f2466103e0f8a025085cb6e3097c6b0d3f3090704083c35adec0bb3f8  3-TRANSFORMATIONS/Day-Packages/bo/Chapter-3 D41-D54/46.md
b09e9638d49d8d39f9c1877e7f9f32c383aee6df453c785b7e0f75674e91b40c  3-TRANSFORMATIONS/Day-Packages/bo/Chapter-3 D41-D54/47.md
576c6228e855125d52af8a47fa1eb98f63ad1b343e7fa25d458bd596b45caab6  3-TRANSFORMATIONS/Day-Packages/bo/Chapter-3 D41-D54/48.md
41de5ed60a2bb5a0823c1c7b3487391dbd55b15c3caf89bff19d00377bfdf677  3-TRANSFORMATIONS/Day-Packages/bo/Chapter-3 D41-D54/49.md
434aacaed6dc9aa34889e7619b3d3e542bf54f019dd937445581dcb2262a4a90  3-TRANSFORMATIONS/Day-Packages/bo/Chapter-3 D41-D54/50.md
b7dd9383f608ec2ea3c6c26a6eec2ccf3f62e6065af9b2bcf6cfd163a8388d45  3-TRANSFORMATIONS/Day-Packages/bo/Chapter-3 D41-D54/51.md
23879a4a326ce5ed81240a12fc7d398d4308e552eebc52260d8c2ae4b921d64e  3-TRANSFORMATIONS/Day-Packages/bo/Chapter-3 D41-D54/52.md
dcd91c923166c8600b464c416b4d588a2dcfb8b7110eea31301235dca222ad5c  3-TRANSFORMATIONS/Day-Packages/bo/_TEMPLATE.md
8d84736622f17c868cbc639294042ddbea86ddf8fb1960c0196c4b13c5788ab8  3-TRANSFORMATIONS/Day-Packages/bo/_TERMBASE.md
53d11b8913cfe73c0028cdf9e9510e16085ff3bbd72b6542267461d59c0bc606  3-TRANSFORMATIONS/Day-Packages/en/Chapter-1 D1-D14/1-en.md
28de571bdc301d38264ef24a76bb0f5e247c07d4b7ee61a676550920f287e3bb  3-TRANSFORMATIONS/Day-Packages/en/Chapter-1 D1-D14/10-en.md
d3057f96841b09fe7ee74d9cd352e8f4c085c390e50f4dfd1ad15e98c90cb718  3-TRANSFORMATIONS/Day-Packages/en/Chapter-1 D1-D14/11-en.md
d42d40dd2cd047c4df8a84bb67e3fd2b4fd1352733fe5f86f4abfeb9ff612c15  3-TRANSFORMATIONS/Day-Packages/en/Chapter-1 D1-D14/12-en.md
5abe998b043f24d29508fcba50f7600ae589dd0ae8b83afbc30158d100962d9b  3-TRANSFORMATIONS/Day-Packages/en/Chapter-1 D1-D14/13-en.md
72c29290a316e54969fb4e887dc3cc4f73baff327ed9a6770f20d77e04debde8  3-TRANSFORMATIONS/Day-Packages/en/Chapter-1 D1-D14/14-en.md
d15650da25092d3dac78e172a0ed2313319ba0ad28bc73d5fee97be121887d80  3-TRANSFORMATIONS/Day-Packages/en/Chapter-1 D1-D14/2-en.md
523f1507dc48933ff9357c8b7d488f7e85b698fe3eec5f9e394a8f9e56acae83  3-TRANSFORMATIONS/Day-Packages/en/Chapter-1 D1-D14/3-en.md
91aec97a48542ac146f33b8980a2f6673b6b8a91b3572bc77f972228bd44e368  3-TRANSFORMATIONS/Day-Packages/en/Chapter-1 D1-D14/4-en.md
31f159aa0e1e1882abc31695821be98ea7ca9bf6efa004e9cf68df4aa9fcf688  3-TRANSFORMATIONS/Day-Packages/en/Chapter-1 D1-D14/5-en.md
4981cc5cc948438f60ae8cd0edb1cbb7f820710c9c250a0dd1ced195bbde488d  3-TRANSFORMATIONS/Day-Packages/en/Chapter-1 D1-D14/6-en.md
38446baca3f247bbfda7487f7909b69da011ad8890cbcb01367920dccac3fc46  3-TRANSFORMATIONS/Day-Packages/en/Chapter-1 D1-D14/7-en.md
72cdcd639945f2c85f0ccce0df5b30c37884debb5a93e9b9f55197a6dab40961  3-TRANSFORMATIONS/Day-Packages/en/Chapter-1 D1-D14/8-en.md
960001aa9d8c45b0dfe437b51641389ea308d3337873010514619e175f580b0a  3-TRANSFORMATIONS/Day-Packages/en/Chapter-1 D1-D14/9-en.md
518e11daf43b3330d8f0e30e14e53ccebcc75def0e4f28fc2f6e1a99c7354ba6  3-TRANSFORMATIONS/Day-Packages/en/Chapter-2 D15-D40/15-en.md
ec306bc9bce1f9cfa98cce9dd34d0a81a6e7f1beaaa17df7312c8d36a2343aef  3-TRANSFORMATIONS/Day-Packages/en/Chapter-2 D15-D40/16-en.md
03ed2b82744f2da693530b84913ea31f634bd8faac4b45ba1664485083b21e43  3-TRANSFORMATIONS/Day-Packages/en/Chapter-2 D15-D40/17-en.md
f71cd46250235232e3095a528f1afb126695c0e019e8fff5606bbacfe3dd7567  3-TRANSFORMATIONS/Day-Packages/en/Chapter-2 D15-D40/18-en.md
fd361b23e81937ab1588572ac9cc63c62d44c5993de9e437f2175a53961414fc  3-TRANSFORMATIONS/Day-Packages/en/Chapter-2 D15-D40/19-en.md
6780dcdf8d19c050e475f0751f1f33abafd65743e7c73be06486e0ac7a678cc6  3-TRANSFORMATIONS/Day-Packages/en/Chapter-2 D15-D40/20-en.md
46deab0e19d3df7ec2f36dc7ffb14414bb903cbd9cb75817501278ad74a59d73  3-TRANSFORMATIONS/Day-Packages/en/Chapter-2 D15-D40/21-en.md
964e868579936f9b21de38ac09dce30641c208a0b90843adb0093bf6180b5e4b  3-TRANSFORMATIONS/Day-Packages/en/Chapter-2 D15-D40/22-en.md
93c43dec14566a115e00f671d1e33d7f6823e8f8054c598ccebf69f2b172b884  3-TRANSFORMATIONS/Day-Packages/en/Chapter-2 D15-D40/23-en.md
de815a66d4e6d7f151af1a34540e65c3bd5012b8807d57ef47b7c76f095d1d8d  3-TRANSFORMATIONS/Day-Packages/en/Chapter-2 D15-D40/24-en.md
ce2211397845ebc2653225c2579e46bd50203bf380aaecbd38e35c3d09fd8f8b  3-TRANSFORMATIONS/Day-Packages/en/Chapter-2 D15-D40/25-en.md
3a905834fe80bc63c5c81b3afff0f1ae9db541f201dcdbfd54fbae915083ea4b  3-TRANSFORMATIONS/Day-Packages/en/Chapter-2 D15-D40/26-en.md
1d5e16560d768b9f2153c9dab085e2086ed265c37b4f794ab80cba09fb4245f1  3-TRANSFORMATIONS/Day-Packages/en/Chapter-2 D15-D40/27-en.md
c0aa9eaef07cf913eb60981d70604d11ef8a0012f5fdbf1cf396baf11af0ada8  3-TRANSFORMATIONS/Day-Packages/en/Chapter-2 D15-D40/28-en.md
30a20612e77a16072af36d17e03ffe4d920f32e83d91e7e9d4d046d8cc330828  3-TRANSFORMATIONS/Day-Packages/en/Chapter-2 D15-D40/29-en.md
4c36ad144103db77569879d906dbb56f3d47f748b56b8024af18c49c482ddee4  3-TRANSFORMATIONS/Day-Packages/en/Chapter-2 D15-D40/30-en.md
2523f876399fe02d146895b96cb5877be52658c6f1ad09e530188a85aea8395e  3-TRANSFORMATIONS/Day-Packages/en/Chapter-2 D15-D40/31-en.md
636b161fbc8188415d1bcf70af8640a8381269f79901d904c7304b3ebcf5a8f9  3-TRANSFORMATIONS/Day-Packages/en/Chapter-2 D15-D40/32-en.md
5b5ba07b12ea67806eab83dfd4141519b2f93cd25bfeede1d0ef4fad99540a0d  3-TRANSFORMATIONS/Day-Packages/en/Chapter-2 D15-D40/33-en.md
eaf7fba68c294f7b31c01e3f106abf02b912504f72399e7020ec16d1ab140ad8  3-TRANSFORMATIONS/Day-Packages/en/Chapter-2 D15-D40/34-en.md
2b95bb66cfeb86da958539009a8ab98808579f74ef16a95fe38cd94c750f919c  3-TRANSFORMATIONS/Day-Packages/en/Chapter-2 D15-D40/35-en.md
2a9275c7d781a0d366673a689718d78512aa7d107e789d3c3ab7a1941a80bd3d  3-TRANSFORMATIONS/Day-Packages/en/Chapter-2 D15-D40/36-en.md
8c0106f65e46fe97bdaa08ea4d02431cc45334ef151251f1337e168a0737ac54  3-TRANSFORMATIONS/Day-Packages/en/Chapter-2 D15-D40/37-en.md
5a89bdeb3241be4153c435b202c5e8480dc58068eea71d2a6de5ec31c4ad6cda  3-TRANSFORMATIONS/Day-Packages/en/Chapter-2 D15-D40/38-en.md
68a7c44c781f004817e01d3118eec56a7aa7a252446e86855d4ed34ac8aa642d  3-TRANSFORMATIONS/Day-Packages/en/Chapter-2 D15-D40/39-en.md
f1ed15c12c266a66ec74fd57c816e3791ac0f9a3b16abb82baf3b771796a3a9f  3-TRANSFORMATIONS/Day-Packages/en/Chapter-2 D15-D40/40-en.md
e3b0c44298fc1c149afbf4c8996fb92427ae41e4649b934ca495991b7852b855  3-TRANSFORMATIONS/Day-Packages/en/Chapter-2 D15-D40/Untitled.md
cbed183a8d17a9baff8db3b8dc5621ed531bfc8060da13734c8cda5faef76346  3-TRANSFORMATIONS/Day-Packages/en/Chapter-3 D41-D54/41-en.md
8796f75858a87aff9005c9eebb6f8ae4da632bd1eee9bca68f15ce6caea302f7  3-TRANSFORMATIONS/Day-Packages/en/Chapter-3 D41-D54/42-en.md
ef1b67e10fe5ffc6cdba02b9be454839073e8e1ba2759bcb01a57d933f3363e7  3-TRANSFORMATIONS/Day-Packages/en/Chapter-3 D41-D54/43-en.md
04f36287d6be69a05c2d571b8f6f187bad3c526ec4d4c4c652f1ce96bdceaddb  3-TRANSFORMATIONS/Day-Packages/en/Chapter-3 D41-D54/44-en.md
87b665f00c8a72871e9033f454f35a97be22e5b8182af2e200d7a9b04cb7afdb  3-TRANSFORMATIONS/Day-Packages/en/Chapter-3 D41-D54/45-en.md
44a838af8cd3f73ea20adec89b301bc588015a86216e512a9813b708384e7d7c  3-TRANSFORMATIONS/Day-Packages/en/Chapter-3 D41-D54/46-en.md
364b21698a1b22340818dc23b15c1d87c9b9c5dd2d95b3d30468e770a0e8305f  3-TRANSFORMATIONS/Day-Packages/en/Chapter-3 D41-D54/47-en.md
87267193531d64abb07a146a7a445aa713d24dcf3ddbf0822e945f630e761941  3-TRANSFORMATIONS/Day-Packages/en/Chapter-3 D41-D54/48-en.md
751ff784a6eca3ba77fa8954605fd81f663c7f9f0082600e2b6aedb5cdca049e  3-TRANSFORMATIONS/Day-Packages/en/Chapter-3 D41-D54/49-en.md
53a1ed440f61f1db2e41b752d8eeb7ae07bc86590dcb6e580596856ba91e4140  3-TRANSFORMATIONS/Day-Packages/en/Chapter-3 D41-D54/50-en.md
a7a5cc7b5cf75cb61e4a8fce5fbe8313c9e198840472925286bb1f1402858e5c  3-TRANSFORMATIONS/Day-Packages/en/Chapter-3 D41-D54/51-en.md
6aee0e89d079144b0669991e07c0e7860b8985c7530341b376ff84d5dc264c0a  3-TRANSFORMATIONS/Day-Packages/en/Chapter-3 D41-D54/52-en.md
1bbb20fbbbe7a7ed3f80d14b3ea063697be211748b277bf9a2f41c890dad0e27  4-SYSTEM/scripts/day-package/day_package_tools.py
7055dd99f744b11db11799121c1254c826308c384268f51f040cf02757abdb21  4-SYSTEM/scripts/day-package/reorder_commentators.py
